
Microsoft Visual Studio Solution File, Format Version 12.00
# Visual Studio 2013
VisualStudioVersion = 12.0.21005.1
MinimumVisualStudioVersion = 10.0.40219.1
Project("{FAE04EC0-301F-11D3-BF4B-00C04F79EFBC}") = "SuperSquid", "SuperSquid\SuperSquid\SuperSquid.csproj", "{C3A2E831-0A38-44A4-8BEF-1A53735BC9D2}"
EndProject
Project("{FAE04EC0-301F-11D3-BF4B-00C04F79EFBC}") = "SuperSquidProject", "SuperSquid\SuperSquidProject\SuperSquidProject.csproj", "{DC08893D-16ED-403E-ABCE-92F2058372D4}"
EndProject
Global
	GlobalSection(TeamFoundationVersionControl) = preSolution
		SccNumberOfProjects = 3
		SccEnterpriseProvider = {4CA58AB2-18FA-4F8D-95D4-32DDF27D184C}
		SccTeamFoundationServer = https://tfs2013.plainconcepts.com/tfs/wave
		SccProjectUniqueName0 = SuperSquid\\SuperSquid\\SuperSquid.csproj
		SccProjectName0 = SuperSquid/SuperSquid
		SccLocalPath0 = SuperSquid\\SuperSquid
		SccLocalPath1 = .
		SccProjectUniqueName2 = SuperSquid\\SuperSquidProject\\SuperSquidProject.csproj
		SccProjectName2 = SuperSquid/SuperSquidProject
		SccLocalPath2 = SuperSquid\\SuperSquidProject
	EndGlobalSection
	GlobalSection(SolutionConfigurationPlatforms) = preSolution
		Debug|x86 = Debug|x86
		Release|x86 = Release|x86
	EndGlobalSection
	GlobalSection(ProjectConfigurationPlatforms) = postSolution
		{C3A2E831-0A38-44A4-8BEF-1A53735BC9D2}.Debug|x86.ActiveCfg = Debug|x86
		{C3A2E831-0A38-44A4-8BEF-1A53735BC9D2}.Debug|x86.Build.0 = Debug|x86
		{C3A2E831-0A38-44A4-8BEF-1A53735BC9D2}.Release|x86.ActiveCfg = Release|x86
		{C3A2E831-0A38-44A4-8BEF-1A53735BC9D2}.Release|x86.Build.0 = Release|x86
		{DC08893D-16ED-403E-ABCE-92F2058372D4}.Debug|x86.ActiveCfg = Debug|x86
		{DC08893D-16ED-403E-ABCE-92F2058372D4}.Debug|x86.Build.0 = Debug|x86
		{DC08893D-16ED-403E-ABCE-92F2058372D4}.Release|x86.ActiveCfg = Release|x86
		{DC08893D-16ED-403E-ABCE-92F2058372D4}.Release|x86.Build.0 = Release|x86
	EndGlobalSection
	GlobalSection(SolutionProperties) = preSolution
		HideSolutionNode = FALSE
	EndGlobalSection
EndGlobal
