Microsoft Visual Studio Solution File, Format Version 12.00
# Visual Studio 2013
VisualStudioVersion = 12.0.21005.1
MinimumVisualStudioVersion = 10.0.40219.1
Project("{FAE04EC0-301F-11D3-BF4B-00C04F79EFBC}") = "Launcher", "LauncherWP\Launcher.csproj", "{EAA16ACA-68DD-4994-9A48-6FECF626AD44}"
EndProject
Project("{FAE04EC0-301F-11D3-BF4B-00C04F79EFBC}") = "DeepSpaceProjectWP", "DeepSpace\DeepSpaceProject\DeepSpaceProjectWP.csproj", "{076E70B5-E112-4151-AC9B-9FF9EE1FC32F}"
EndProject
Global
	GlobalSection(SolutionConfigurationPlatforms) = preSolution
		Debug|ARM = Debug|ARM
		Debug|x86 = Debug|x86
		Release|ARM = Release|ARM
		Release|x86 = Release|x86
	EndGlobalSection
	GlobalSection(ProjectConfigurationPlatforms) = postSolution
		{EAA16ACA-68DD-4994-9A48-6FECF626AD44}.Debug|ARM.ActiveCfg = Debug|ARM
		{EAA16ACA-68DD-4994-9A48-6FECF626AD44}.Debug|ARM.Build.0 = Debug|ARM
		{EAA16ACA-68DD-4994-9A48-6FECF626AD44}.Debug|ARM.Deploy.0 = Debug|ARM
		{EAA16ACA-68DD-4994-9A48-6FECF626AD44}.Debug|x86.ActiveCfg = Debug|x86
		{EAA16ACA-68DD-4994-9A48-6FECF626AD44}.Debug|x86.Build.0 = Debug|x86
		{EAA16ACA-68DD-4994-9A48-6FECF626AD44}.Debug|x86.Deploy.0 = Debug|x86
		{EAA16ACA-68DD-4994-9A48-6FECF626AD44}.Release|ARM.ActiveCfg = Release|ARM
		{EAA16ACA-68DD-4994-9A48-6FECF626AD44}.Release|ARM.Build.0 = Release|ARM
		{EAA16ACA-68DD-4994-9A48-6FECF626AD44}.Release|ARM.Deploy.0 = Release|ARM
		{EAA16ACA-68DD-4994-9A48-6FECF626AD44}.Release|x86.ActiveCfg = Release|x86
		{EAA16ACA-68DD-4994-9A48-6FECF626AD44}.Release|x86.Build.0 = Release|x86
		{EAA16ACA-68DD-4994-9A48-6FECF626AD44}.Release|x86.Deploy.0 = Release|x86
		{076E70B5-E112-4151-AC9B-9FF9EE1FC32F}.Debug|ARM.ActiveCfg = Debug|ARM
		{076E70B5-E112-4151-AC9B-9FF9EE1FC32F}.Debug|ARM.Build.0 = Debug|ARM
		{076E70B5-E112-4151-AC9B-9FF9EE1FC32F}.Debug|x86.ActiveCfg = Debug|x86
		{076E70B5-E112-4151-AC9B-9FF9EE1FC32F}.Debug|x86.Build.0 = Debug|x86
		{076E70B5-E112-4151-AC9B-9FF9EE1FC32F}.Release|ARM.ActiveCfg = Release|ARM
		{076E70B5-E112-4151-AC9B-9FF9EE1FC32F}.Release|ARM.Build.0 = Release|ARM
		{076E70B5-E112-4151-AC9B-9FF9EE1FC32F}.Release|x86.ActiveCfg = Release|x86
		{076E70B5-E112-4151-AC9B-9FF9EE1FC32F}.Release|x86.Build.0 = Release|x86
	EndGlobalSection
	GlobalSection(SolutionProperties) = preSolution
		HideSolutionNode = FALSE
	EndGlobalSection
	GlobalSection(SpecExplorer.ActivityCompletionStatus) = preSolution
		SpecExplorer.ActivityCompletionStatus = 
	EndGlobalSection
EndGlobal
