
Microsoft Visual Studio Solution File, Format Version 11.00
# Visual Studio 2012
Project("{FAE04EC0-301F-11D3-BF4B-00C04F79EFBC}") = "Launcher", "LauncherWindowsStore\Launcher.csproj", "{7124CF81-C552-43B4-B4C2-44653863FE70}" 
EndProject
Project("{FAE04EC0-301F-11D3-BF4B-00C04F79EFBC}") = "DeepSpaceProjectWindowsStore", "DeepSpace\DeepSpaceProject\DeepSpaceProjectWindowsStore.csproj", "{076E70B5-E112-4151-AC9B-9FF9EE1FC32F}" 
EndProject
Global
	GlobalSection(SolutionConfigurationPlatforms) = preSolution
		Debug|Any CPU = Debug|Any CPU
		Release|Any CPU = Release|Any CPU
	EndGlobalSection
	GlobalSection(ProjectConfigurationPlatforms) = postSolution
		{076E70B5-E112-4151-AC9B-9FF9EE1FC32F}.Debug|Any CPU.ActiveCfg = Debug|Any CPU
		{076E70B5-E112-4151-AC9B-9FF9EE1FC32F}.Debug|Any CPU.Build.0 = Debug|Any CPU
		{076E70B5-E112-4151-AC9B-9FF9EE1FC32F}.Release|Any CPU.ActiveCfg = Release|Any CPU
		{076E70B5-E112-4151-AC9B-9FF9EE1FC32F}.Release|Any CPU.Build.0 = Release|Any CPU
		{7124CF81-C552-43B4-B4C2-44653863FE70}.Debug|Any CPU.ActiveCfg = Debug|Any CPU
		{7124CF81-C552-43B4-B4C2-44653863FE70}.Debug|Any CPU.Build.0 = Debug|Any CPU
		{7124CF81-C552-43B4-B4C2-44653863FE70}.Debug|Any CPU.Deploy.0 = Debug|Any CPU
		{7124CF81-C552-43B4-B4C2-44653863FE70}.Release|Any CPU.ActiveCfg = Release|Any CPU
		{7124CF81-C552-43B4-B4C2-44653863FE70}.Release|Any CPU.Build.0 = Release|Any CPU
		{7124CF81-C552-43B4-B4C2-44653863FE70}.Release|Any CPU.Deploy.0 = Release|Any CPU
	EndGlobalSection
	GlobalSection(SolutionProperties) = preSolution
		HideSolutionNode = FALSE
	EndGlobalSection
	GlobalSection(SpecExplorer.ActivityCompletionStatus) = preSolution
		SpecExplorer.ActivityCompletionStatus = 
	EndGlobalSection
EndGlobal

