Microsoft Visual Studio Solution File, Format Version 12.00
# Visual Studio 2013
VisualStudioVersion = 12.0.30723.0
MinimumVisualStudioVersion = 10.0.40219.1
Project("{FAE04EC0-301F-11D3-BF4B-00C04F79EFBC}") = "Launcher", "LauncherWindowsStore\Launcher.csproj", "{3C832CC9-A6BE-4C52-9C10-C2D473B39D6F}"
EndProject
Project("{FAE04EC0-301F-11D3-BF4B-00C04F79EFBC}") = "FlyingKiteProjectWindowsStore", "FlyingKite\FlyingKiteProject\FlyingKiteProjectWindowsStore.csproj", "{15DE2A7F-E7C3-41E4-A8C7-7EAAEFE5BB69}"
EndProject
Global
	GlobalSection(SolutionConfigurationPlatforms) = preSolution
		Debug|Any CPU = Debug|Any CPU
		Debug|ARM = Debug|ARM
		Debug|x64 = Debug|x64
		Release|Any CPU = Release|Any CPU
		Release|ARM = Release|ARM
		Release|x64 = Release|x64
	EndGlobalSection
	GlobalSection(ProjectConfigurationPlatforms) = postSolution
		{3C832CC9-A6BE-4C52-9C10-C2D473B39D6F}.Debug|Any CPU.ActiveCfg = Debug|Any CPU
		{3C832CC9-A6BE-4C52-9C10-C2D473B39D6F}.Debug|Any CPU.Build.0 = Debug|Any CPU
		{3C832CC9-A6BE-4C52-9C10-C2D473B39D6F}.Debug|Any CPU.Deploy.0 = Debug|Any CPU
		{3C832CC9-A6BE-4C52-9C10-C2D473B39D6F}.Debug|ARM.ActiveCfg = Debug|ARM
		{3C832CC9-A6BE-4C52-9C10-C2D473B39D6F}.Debug|ARM.Build.0 = Debug|ARM
		{3C832CC9-A6BE-4C52-9C10-C2D473B39D6F}.Debug|ARM.Deploy.0 = Debug|ARM
		{3C832CC9-A6BE-4C52-9C10-C2D473B39D6F}.Debug|x64.ActiveCfg = Debug|x64
		{3C832CC9-A6BE-4C52-9C10-C2D473B39D6F}.Debug|x64.Build.0 = Debug|x64
		{3C832CC9-A6BE-4C52-9C10-C2D473B39D6F}.Debug|x64.Deploy.0 = Debug|x64
		{3C832CC9-A6BE-4C52-9C10-C2D473B39D6F}.Release|Any CPU.ActiveCfg = Release|Any CPU
		{3C832CC9-A6BE-4C52-9C10-C2D473B39D6F}.Release|Any CPU.Build.0 = Release|Any CPU
		{3C832CC9-A6BE-4C52-9C10-C2D473B39D6F}.Release|Any CPU.Deploy.0 = Release|Any CPU
		{3C832CC9-A6BE-4C52-9C10-C2D473B39D6F}.Release|ARM.ActiveCfg = Release|ARM
		{3C832CC9-A6BE-4C52-9C10-C2D473B39D6F}.Release|ARM.Build.0 = Release|ARM
		{3C832CC9-A6BE-4C52-9C10-C2D473B39D6F}.Release|ARM.Deploy.0 = Release|ARM
		{3C832CC9-A6BE-4C52-9C10-C2D473B39D6F}.Release|x64.ActiveCfg = Release|x64
		{3C832CC9-A6BE-4C52-9C10-C2D473B39D6F}.Release|x64.Build.0 = Release|x64
		{3C832CC9-A6BE-4C52-9C10-C2D473B39D6F}.Release|x64.Deploy.0 = Release|x64
		{15DE2A7F-E7C3-41E4-A8C7-7EAAEFE5BB69}.Debug|Any CPU.ActiveCfg = Debug|Any CPU
		{15DE2A7F-E7C3-41E4-A8C7-7EAAEFE5BB69}.Debug|Any CPU.Build.0 = Debug|Any CPU
		{15DE2A7F-E7C3-41E4-A8C7-7EAAEFE5BB69}.Debug|ARM.ActiveCfg = Debug|ARM
		{15DE2A7F-E7C3-41E4-A8C7-7EAAEFE5BB69}.Debug|ARM.Build.0 = Debug|ARM
		{15DE2A7F-E7C3-41E4-A8C7-7EAAEFE5BB69}.Debug|x64.ActiveCfg = Debug|x64
		{15DE2A7F-E7C3-41E4-A8C7-7EAAEFE5BB69}.Debug|x64.Build.0 = Debug|x64
		{15DE2A7F-E7C3-41E4-A8C7-7EAAEFE5BB69}.Release|Any CPU.ActiveCfg = Release|Any CPU
		{15DE2A7F-E7C3-41E4-A8C7-7EAAEFE5BB69}.Release|Any CPU.Build.0 = Release|Any CPU
		{15DE2A7F-E7C3-41E4-A8C7-7EAAEFE5BB69}.Release|ARM.ActiveCfg = Release|ARM
		{15DE2A7F-E7C3-41E4-A8C7-7EAAEFE5BB69}.Release|ARM.Build.0 = Release|ARM
		{15DE2A7F-E7C3-41E4-A8C7-7EAAEFE5BB69}.Release|x64.ActiveCfg = Release|x64
		{15DE2A7F-E7C3-41E4-A8C7-7EAAEFE5BB69}.Release|x64.Build.0 = Release|x64
	EndGlobalSection
	GlobalSection(SolutionProperties) = preSolution
		HideSolutionNode = FALSE
	EndGlobalSection
	GlobalSection(SpecExplorer.ActivityCompletionStatus) = preSolution
		SpecExplorer.ActivityCompletionStatus = 
	EndGlobalSection
EndGlobal
