Microsoft Visual Studio Solution File, Format Version 12.00
# Visual Studio 2012
Project("{FAE04EC0-301F-11D3-BF4B-00C04F79EFBC}") = "Launcher", "LauncherWindowsStore\Launcher.csproj", "{CB1FD978-F99C-4005-981D-619FC32BE03C}"
EndProject
Project("{FAE04EC0-301F-11D3-BF4B-00C04F79EFBC}") = "SurvivorProjectWindowsStore", "Survivor\SurvivorProject\SurvivorProjectWindowsStore.csproj", "{E41BEAB4-97F0-4AC8-8ADC-473A8BAB234D}"
EndProject
Global
	GlobalSection(TeamFoundationVersionControl) = preSolution
		SccNumberOfProjects = 3
		SccEnterpriseProvider = {4CA58AB2-18FA-4F8D-95D4-32DDF27D184C}
		SccTeamFoundationServer = https://tfs2013.plainconcepts.com/tfs/wave
		SccProjectUniqueName0 = Survivor\\SurvivorProject\\SurvivorProjectWindowsStore.csproj
		SccProjectName0 = Survivor/SurvivorProject
		SccLocalPath0 = Survivor\\SurvivorProject
		SccLocalPath1 = .
		SccProjectUniqueName2 = LauncherWindowsStore\\Launcher.csproj
		SccProjectName2 = LauncherWindowsStore
		SccLocalPath2 = LauncherWindowsStore
	EndGlobalSection
	GlobalSection(SolutionConfigurationPlatforms) = preSolution
		Debug|Any CPU = Debug|Any CPU
		Release|Any CPU = Release|Any CPU
	EndGlobalSection
	GlobalSection(ProjectConfigurationPlatforms) = postSolution
		{CB1FD978-F99C-4005-981D-619FC32BE03C}.Debug|Any CPU.ActiveCfg = Debug|Any CPU
		{CB1FD978-F99C-4005-981D-619FC32BE03C}.Debug|Any CPU.Build.0 = Debug|Any CPU
		{CB1FD978-F99C-4005-981D-619FC32BE03C}.Debug|Any CPU.Deploy.0 = Debug|Any CPU
		{CB1FD978-F99C-4005-981D-619FC32BE03C}.Release|Any CPU.ActiveCfg = Release|Any CPU
		{CB1FD978-F99C-4005-981D-619FC32BE03C}.Release|Any CPU.Build.0 = Release|Any CPU
		{CB1FD978-F99C-4005-981D-619FC32BE03C}.Release|Any CPU.Deploy.0 = Release|Any CPU
		{E41BEAB4-97F0-4AC8-8ADC-473A8BAB234D}.Debug|Any CPU.ActiveCfg = Debug|Any CPU
		{E41BEAB4-97F0-4AC8-8ADC-473A8BAB234D}.Debug|Any CPU.Build.0 = Debug|Any CPU
		{E41BEAB4-97F0-4AC8-8ADC-473A8BAB234D}.Release|Any CPU.ActiveCfg = Release|Any CPU
		{E41BEAB4-97F0-4AC8-8ADC-473A8BAB234D}.Release|Any CPU.Build.0 = Release|Any CPU
	EndGlobalSection
	GlobalSection(SolutionProperties) = preSolution
		HideSolutionNode = FALSE
	EndGlobalSection
	GlobalSection(SpecExplorer.ActivityCompletionStatus) = preSolution
		SpecExplorer.ActivityCompletionStatus = 
	EndGlobalSection
EndGlobal
